
Microsoft Visual Studio Solution File, Format Version 12.00
# Visual Studio 15
VisualStudioVersion = 15.0.27703.2042
MinimumVisualStudioVersion = 10.0.40219.1
Project("{9A19103F-16F7-4668-BE54-9A1E7A4F7556}") = "Assignment.Web", "Assignment.Web\Assignment.Web.csproj", "{1A858A1D-5AD6-4D7F-A80A-D74D52E01B14}"
EndProject
Global
	GlobalSection(SolutionConfigurationPlatforms) = preSolution
		Debug|Any CPU = Debug|Any CPU
		Release|Any CPU = Release|Any CPU
	EndGlobalSection
	GlobalSection(ProjectConfigurationPlatforms) = postSolution
		{1A858A1D-5AD6-4D7F-A80A-D74D52E01B14}.Debug|Any CPU.ActiveCfg = Debug|Any CPU
		{1A858A1D-5AD6-4D7F-A80A-D74D52E01B14}.Debug|Any CPU.Build.0 = Debug|Any CPU
		{1A858A1D-5AD6-4D7F-A80A-D74D52E01B14}.Release|Any CPU.ActiveCfg = Release|Any CPU
		{1A858A1D-5AD6-4D7F-A80A-D74D52E01B14}.Release|Any CPU.Build.0 = Release|Any CPU
	EndGlobalSection
	GlobalSection(SolutionProperties) = preSolution
		HideSolutionNode = FALSE
	EndGlobalSection
	GlobalSection(ExtensibilityGlobals) = postSolution
		SolutionGuid = {E744CCC5-73FE-4117-8CC5-944B71741B7A}
	EndGlobalSection
EndGlobal
